{
  "nodes": {
    "import-cargo": {
      "locked": {
        "lastModified": 1594305518,
        "narHash": "sha256-frtArgN42rSaEcEOYWg8sVPMUK+Zgch3c+wejcpX3DY=",
        "owner": "edolstra",
        "repo": "import-cargo",
        "rev": "25d40be4a73d40a2572e0cc233b83253554f06c5",
        "type": "github"
      },
      "original": {
        "owner": "edolstra",
        "repo": "import-cargo",
        "type": "github"
      }
    },
    "nixpkgs_17_03": {
      "flake": false,
      "locked": {
        "lastModified": 1490891529,
        "narHash": "sha256-AqddK1XlGDcK/xd8ENmDad0wuw/JYSxtV+vj8LPPibs=",
        "owner": "NixOS",
        "repo": "nixpkgs",
        "rev": "1849e695b00a54cda86cb75202240d949c10c7ce",
        "type": "github"
      },
      "original": {
        "owner": "NixOS",
        "ref": "17.03",
        "repo": "nixpkgs",
        "type": "github"
      }
    },
    "nixpkgs_17_09": {
      "flake": false,
      "locked": {
        "lastModified": 1506657975,
        "narHash": "sha256-UI+jQUhxRreVrn2kl7SsUBjFdQiBRv2CXRLScBMk/U4=",
        "owner": "NixOS",
        "repo": "nixpkgs",
        "rev": "39cd40f7bea40116ecb756d46a687bfd0d2e550e",
        "type": "github"
      },
      "original": {
        "owner": "NixOS",
        "ref": "17.09",
        "repo": "nixpkgs",
        "type": "github"
      }
    },
    "nixpkgs_18_03": {
      "flake": false,
      "locked": {
        "lastModified": 1522825351,
        "narHash": "sha256-jtxfSXmc07z8U3l0+TuUCSHcd8BgkapvUzjUN7fwZEI=",
        "owner": "NixOS",
        "repo": "nixpkgs",
        "rev": "120b013e0c082d58a5712cde0a7371ae8b25a601",
        "type": "github"
      },
      "original": {
        "owner": "NixOS",
        "ref": "18.03",
        "repo": "nixpkgs",
        "type": "github"
      }
    },
    "nixpkgs_18_09": {
      "flake": false,
      "locked": {
        "lastModified": 1538778799,
        "narHash": "sha256-7X4jp9lLB0pDxIK/btVHnH9/+ET7uL9MtmWDoBU0acU=",
        "owner": "NixOS",
        "repo": "nixpkgs",
        "rev": "6a3f5bcb061e1822f50e299f5616a0731636e4e7",
        "type": "github"
      },
      "original": {
        "owner": "NixOS",
        "ref": "18.09",
        "repo": "nixpkgs",
        "type": "github"
      }
    },
    "nixpkgs_19_03": {
      "flake": false,
      "locked": {
        "lastModified": 1554754129,
        "narHash": "sha256-vhXFo18tl7IOppyjeDRUDSa75OMepO+TwD6p5yEWVWA=",
        "owner": "NixOS",
        "repo": "nixpkgs",
        "rev": "f52505fac8c82716872a616c501ad9eff188f97f",
        "type": "github"
      },
      "original": {
        "owner": "NixOS",
        "ref": "19.03",
        "repo": "nixpkgs",
        "type": "github"
      }
    },
    "nixpkgs_19_09": {
      "flake": false,
      "locked": {
        "lastModified": 1570630026,
        "narHash": "sha256-IjHyx3uz9jYBh5R9v6lea5Hd/F6iYTBcyHkXHwSGGFY=",
        "owner": "NixOS",
        "repo": "nixpkgs",
        "rev": "d5291756487d70bc336e33512a9baf9fa1788faf",
        "type": "github"
      },
      "original": {
        "owner": "NixOS",
        "ref": "19.09",
        "repo": "nixpkgs",
        "type": "github"
      }
    },
    "nixpkgs_20_03": {
      "flake": false,
      "locked": {
        "lastModified": 1587398327,
        "narHash": "sha256-mEKkeLgUrzAsdEaJ/1wdvYn0YZBAKEG3AN21koD2AgU=",
        "owner": "NixOS",
        "repo": "nixpkgs",
        "rev": "5272327b81ed355bbed5659b8d303cf2979b6953",
        "type": "github"
      },
      "original": {
        "owner": "NixOS",
        "ref": "20.03",
        "repo": "nixpkgs",
        "type": "github"
      }
    },
    "nixpkgs_20_09": {
      "locked": {
        "lastModified": 1603791972,
        "narHash": "sha256-nj2SvACFH+NERpye1kudcuygCcvnsZYv26M2+wgM5vE=",
        "owner": "NixOS",
        "repo": "nixpkgs",
        "rev": "cd63096d6d887d689543a0b97743d28995bc9bc3",
        "type": "github"
      },
      "original": {
        "owner": "NixOS",
        "ref": "20.09",
        "repo": "nixpkgs",
        "type": "github"
      }
    },
    "nixpkgs_21_05": {
      "locked": {
        "lastModified": 1622516815,
        "narHash": "sha256-ZjBd81a6J3TwtlBr3rHsZspYUwT9OdhDk+a/SgSEf7I=",
        "owner": "NixOS",
        "repo": "nixpkgs",
        "rev": "7e9b0dff974c89e070da1ad85713ff3c20b0ca97",
        "type": "github"
      },
      "original": {
        "owner": "NixOS",
        "ref": "21.05",
        "repo": "nixpkgs",
        "type": "github"
      }
    },
    "nixpkgs_21_11": {
      "locked": {
        "lastModified": 1638239011,
        "narHash": "sha256-AjhmbT4UBlJWqxY0ea8a6GU2C2HdKUREkG43oRr3TZg=",
        "owner": "NixOS",
        "repo": "nixpkgs",
        "rev": "a7ecde854aee5c4c7cd6177f54a99d2c1ff28a31",
        "type": "github"
      },
      "original": {
        "owner": "NixOS",
        "ref": "21.11",
        "repo": "nixpkgs",
        "type": "github"
      }
    },
    "nixpkgs_22_05": {
      "locked": {
        "lastModified": 1653936696,
        "narHash": "sha256-M6bJShji9AIDZ7Kh7CPwPBPb/T7RiVev2PAcOi4fxDQ=",
        "owner": "NixOS",
        "repo": "nixpkgs",
        "rev": "ce6aa13369b667ac2542593170993504932eb836",
        "type": "github"
      },
      "original": {
        "owner": "NixOS",
        "ref": "22.05",
        "repo": "nixpkgs",
        "type": "github"
      }
    },
    "nixpkgs_22_11": {
      "locked": {
        "lastModified": 1669833724,
        "narHash": "sha256-/HEZNyGbnQecrgJnfE8d0WC5c1xuPSD2LUpB6YXlg4c=",
        "owner": "NixOS",
        "repo": "nixpkgs",
        "rev": "4d2b37a84fad1091b9de401eb450aae66f1a741e",
        "type": "github"
      },
      "original": {
        "owner": "NixOS",
        "ref": "22.11",
        "repo": "nixpkgs",
        "type": "github"
      }
    },
    "nixpkgs_23_05": {
      "locked": {
        "lastModified": 1685566663,
        "narHash": "sha256-btHN1czJ6rzteeCuE/PNrdssqYD2nIA4w48miQAFloM=",
        "owner": "NixOS",
        "repo": "nixpkgs",
        "rev": "4ecab3273592f27479a583fb6d975d4aba3486fe",
        "type": "github"
      },
      "original": {
        "owner": "NixOS",
        "ref": "23.05",
        "repo": "nixpkgs",
        "type": "github"
      }
    },
    "nixpkgs_23_11": {
      "locked": {
        "lastModified": 1701282334,
        "narHash": "sha256-MxCVrXY6v4QmfTwIysjjaX0XUhqBbxTWWB4HXtDYsdk=",
        "owner": "NixOS",
        "repo": "nixpkgs",
        "rev": "057f9aecfb71c4437d2b27d3323df7f93c010b7e",
        "type": "github"
      },
      "original": {
        "owner": "NixOS",
        "ref": "23.11",
        "repo": "nixpkgs",
        "type": "github"
      }
    },
    "nixpkgs_24_05": {
      "locked": {
        "lastModified": 1717179513,
        "narHash": "sha256-vboIEwIQojofItm2xGCdZCzW96U85l9nDW3ifMuAIdM=",
        "owner": "NixOS",
        "repo": "nixpkgs",
        "rev": "63dacb46bf939521bdc93981b4cbb7ecb58427a0",
        "type": "github"
      },
      "original": {
        "owner": "NixOS",
        "ref": "24.05",
        "repo": "nixpkgs",
        "type": "github"
      }
    },
    "root": {
      "inputs": {
        "import-cargo": "import-cargo",
        "nixpkgs_17_03": "nixpkgs_17_03",
        "nixpkgs_17_09": "nixpkgs_17_09",
        "nixpkgs_18_03": "nixpkgs_18_03",
        "nixpkgs_18_09": "nixpkgs_18_09",
        "nixpkgs_19_03": "nixpkgs_19_03",
        "nixpkgs_19_09": "nixpkgs_19_09",
        "nixpkgs_20_03": "nixpkgs_20_03",
        "nixpkgs_20_09": "nixpkgs_20_09",
        "nixpkgs_21_05": "nixpkgs_21_05",
        "nixpkgs_21_11": "nixpkgs_21_11",
        "nixpkgs_22_05": "nixpkgs_22_05",
        "nixpkgs_22_11": "nixpkgs_22_11",
        "nixpkgs_23_05": "nixpkgs_23_05",
        "nixpkgs_23_11": "nixpkgs_23_11",
        "nixpkgs_24_05": "nixpkgs_24_05"
      }
    }
  },
  "root": "root",
  "version": 7
}
